{
  "object": {
    "pins": [
      {
        "package": "Alamofire",
        "repositoryURL": "https://github.com/Alamofire/Alamofire.git",
        "state": {
          "branch": null,
          "revision": "8dd85aee02e39dd280c75eef88ffdb86eed4b07b",
          "version": "5.6.2"
        }
      },
      {
        "package": "ExtoleConsumerAPI",
        "repositoryURL": "https://github.com/extole/ios-consumer-api.git",
        "state": {
          "branch": null,
          "revision": "1042cbbf3e40d673995b35ac91ee7696abbefcd6",
          "version": "0.0.17"
        }
      },
      {
        "package": "ObjectMapper",
        "repositoryURL": "https://github.com/tristanhimmelman/ObjectMapper.git",
        "state": {
          "branch": null,
          "revision": "c3696dca1370233227d640f7e7e52f2d374bb024",
          "version": "4.1.0"
        }
      },
      {
        "package": "swift-log",
        "repositoryURL": "https://github.com/apple/swift-log.git",
        "state": {
          "branch": null,
          "revision": "6fe203dc33195667ce1759bf0182975e4653ba1c",
          "version": "1.4.4"
        }
      },
      {
        "package": "SwiftEventBus",
        "repositoryURL": "https://github.com/daniftodi/SwiftEventBus.git",
        "state": {
          "branch": null,
          "revision": "f0c10a622f1a5ea8818aa02935f874da2dcb8c7e",
          "version": "5.1.4"
        }
      }
    ]
  },
  "version": 1
}
